{
  "name": "ia_que_juega",
  "lockfileVersion": 3,
  "requires": true,
  "packages": {
    "": {
      "dependencies": {
        "chessground": "^9.0.4"
      }
    },
    "node_modules/chessground": {
      "version": "9.0.4",
      "resolved": "https://registry.npmjs.org/chessground/-/chessground-9.0.4.tgz",
      "integrity": "sha512-KeZd/kcXSKQOGO6LOKu/3bAyVSMh7hgPPharMF15HMfNlHfcBpIVZIDAQRO2PNaNMzPWl0LKc05uFHt0D+lZGA==",
      "funding": {
        "url": "https://lichess.org/patron"
      }
    }
  }
}
